// !$*UTF8*$!
{
	archiveVersion = 1;
	classes = {
	};
	objectVersion = 77;
	objects = {

/* Begin PBXContainerItemProxy section */
		2EEC5C892ED97A2000E4D456 /* PBXContainerItemProxy */ = {
			isa = PBXContainerItemProxy;
			containerPortal = 2EEC5C6A2ED97A1C00E4D456 /* Project object */;
			proxyType = 1;
			remoteGlobalIDString = 2EEC5C712ED97A1C00E4D456;
			remoteInfo = SuperheroRandomizerApp;
		};
		2EEC5C932ED97A2000E4D456 /* PBXContainerItemProxy */ = {
			isa = PBXContainerItemProxy;
			containerPortal = 2EEC5C6A2ED97A1C00E4D456 /* Project object */;
			proxyType = 1;
			remoteGlobalIDString = 2EEC5C712ED97A1C00E4D456;
			remoteInfo = SuperheroRandomizerApp;
		};
/* End PBXContainerItemProxy section */

/* Begin PBXFileReference section */
		2EEC5C722ED97A1C00E4D456 /* SuperheroRandomizerApp.app */ = {isa = PBXFileReference; explicitFileType = wrapper.application; includeInIndex = 0; path = SuperheroRandomizerApp.app; sourceTree = BUILT_PRODUCTS_DIR; };
		2EEC5C882ED97A2000E4D456 /* SuperheroRandomizerAppTests.xctest */ = {isa = PBXFileReference; explicitFileType = wrapper.cfbundle; includeInIndex = 0; path = SuperheroRandomizerAppTests.xctest; sourceTree = BUILT_PRODUCTS_DIR; };
		2EEC5C922ED97A2000E4D456 /* SuperheroRandomizerAppUITests.xctest */ = {isa = PBXFileReference; explicitFileType = wrapper.cfbundle; includeInIndex = 0; path = SuperheroRandomizerAppUITests.xctest; sourceTree = BUILT_PRODUCTS_DIR; };
/* End PBXFileReference section */

/* Begin PBXFileSystemSynchronizedBuildFileExceptionSet section */
		2EEC5C9A2ED97A2000E4D456 /* Exceptions for "SuperheroRandomizerApp" folder in "SuperheroRandomizerApp" target */ = {
			isa = PBXFileSystemSynchronizedBuildFileExceptionSet;
			membershipExceptions = (
				Info.plist,
			);
			target = 2EEC5C712ED97A1C00E4D456 /* SuperheroRandomizerApp */;
		};
/* End PBXFileSystemSynchronizedBuildFileExceptionSet section */

/* Begin PBXFileSystemSynchronizedRootGroup section */
		2EEC5C742ED97A1C00E4D456 /* SuperheroRandomizerApp */ = {
			isa = PBXFileSystemSynchronizedRootGroup;
			exceptions = (
				2EEC5C9A2ED97A2000E4D456 /* Exceptions for "SuperheroRandomizerApp" folder in "SuperheroRandomizerApp" target */,
			);
			path = SuperheroRandomizerApp;
			sourceTree = "<group>";
		};
		2EEC5C8B2ED97A2000E4D456 /* SuperheroRandomizerAppTests */ = {
			isa = PBXFileSystemSynchronizedRootGroup;
			path = SuperheroRandomizerAppTests;
			sourceTree = "<group>";
		};
		2EEC5C952ED97A2000E4D456 /* SuperheroRandomizerAppUITests */ = {
			isa = PBXFileSystemSynchronizedRootGroup;
			path = SuperheroRandomizerAppUITests;
			sourceTree = "<group>";
		};
/* End PBXFileSystemSynchronizedRootGroup section */

/* Begin PBXFrameworksBuildPhase section */
		2EEC5C6F2ED97A1C00E4D456 /* Frameworks */ = {
			isa = PBXFrameworksBuildPhase;
			buildActionMask = 2147483647;
			files = (
			);
			runOnlyForDeploymentPostprocessing = 0;
		};
		2EEC5C852ED97A2000E4D456 /* Frameworks */ = {
			isa = PBXFrameworksBuildPhase;
			buildActionMask = 2147483647;
			files = (
			);
			runOnlyForDeploymentPostprocessing = 0;
		};
		2EEC5C8F2ED97A2000E4D456 /* Frameworks */ = {
			isa = PBXFrameworksBuildPhase;
			buildActionMask = 2147483647;
			files = (
			);
			runOnlyForDeploymentPostprocessing = 0;
		};
/* End PBXFrameworksBuildPhase section */

/* Begin PBXGroup section */
		2EEC5C692ED97A1C00E4D456 = {
			isa = PBXGroup;
			children = (
				2EEC5C742ED97A1C00E4D456 /* SuperheroRandomizerApp */,
				2EEC5C8B2ED97A2000E4D456 /* SuperheroRandomizerAppTests */,
				2EEC5C952ED97A2000E4D456 /* SuperheroRandomizerAppUITests */,
				2EEC5C732ED97A1C00E4D456 /* Products */,
			);
			sourceTree = "<group>";
		};
		2EEC5C732ED97A1C00E4D456 /* Products */ = {
			isa = PBXGroup;
			children = (
				2EEC5C722ED97A1C00E4D456 /* SuperheroRandomizerApp.app */,
				2EEC5C882ED97A2000E4D456 /* SuperheroRandomizerAppTests.xctest */,
				2EEC5C922ED97A2000E4D456 /* SuperheroRandomizerAppUITests.xctest */,
			);
			name = Products;
			sourceTree = "<group>";
		};
/* End PBXGroup section */

/* Begin PBXNativeTarget section */
		2EEC5C712ED97A1C00E4D456 /* SuperheroRandomizerApp */ = {
			isa = PBXNativeTarget;
			buildConfigurationList = 2EEC5C9B2ED97A2000E4D456 /* Build configuration list for PBXNativeTarget "SuperheroRandomizerApp" */;
			buildPhases = (
				2EEC5C6E2ED97A1C00E4D456 /* Sources */,
				2EEC5C6F2ED97A1C00E4D456 /* Frameworks */,
				2EEC5C702ED97A1C00E4D456 /* Resources */,
			);
			buildRules = (
			);
			dependencies = (
			);
			fileSystemSynchronizedGroups = (
				2EEC5C742ED97A1C00E4D456 /* SuperheroRandomizerApp */,
			);
			name = SuperheroRandomizerApp;
			packageProductDependencies = (
			);
			productName = SuperheroRandomizerApp;
			productReference = 2EEC5C722ED97A1C00E4D456 /* SuperheroRandomizerApp.app */;
			productType = "com.apple.product-type.application";
		};
		2EEC5C872ED97A2000E4D456 /* SuperheroRandomizerAppTests */ = {
			isa = PBXNativeTarget;
			buildConfigurationList = 2EEC5CA02ED97A2000E4D456 /* Build configuration list for PBXNativeTarget "SuperheroRandomizerAppTests" */;
			buildPhases = (
				2EEC5C842ED97A2000E4D456 /* Sources */,
				2EEC5C852ED97A2000E4D456 /* Frameworks */,
				2EEC5C862ED97A2000E4D456 /* Resources */,
			);
			buildRules = (
			);
			dependencies = (
				2EEC5C8A2ED97A2000E4D456 /* PBXTargetDependency */,
			);
			fileSystemSynchronizedGroups = (
				2EEC5C8B2ED97A2000E4D456 /* SuperheroRandomizerAppTests */,
			);
			name = SuperheroRandomizerAppTests;
			packageProductDependencies = (
			);
			productName = SuperheroRandomizerAppTests;
			productReference = 2EEC5C882ED97A2000E4D456 /* SuperheroRandomizerAppTests.xctest */;
			productType = "com.apple.product-type.bundle.unit-test";
		};
		2EEC5C912ED97A2000E4D456 /* SuperheroRandomizerAppUITests */ = {
			isa = PBXNativeTarget;
			buildConfigurationList = 2EEC5CA32ED97A2000E4D456 /* Build configuration list for PBXNativeTarget "SuperheroRandomizerAppUITests" */;
			buildPhases = (
				2EEC5C8E2ED97A2000E4D456 /* Sources */,
				2EEC5C8F2ED97A2000E4D456 /* Frameworks */,
				2EEC5C902ED97A2000E4D456 /* Resources */,
			);
			buildRules = (
			);
			dependencies = (
				2EEC5C942ED97A2000E4D456 /* PBXTargetDependency */,
			);
			fileSystemSynchronizedGroups = (
				2EEC5C952ED97A2000E4D456 /* SuperheroRandomizerAppUITests */,
			);
			name = SuperheroRandomizerAppUITests;
			packageProductDependencies = (
			);
			productName = SuperheroRandomizerAppUITests;
			productReference = 2EEC5C922ED97A2000E4D456 /* SuperheroRandomizerAppUITests.xctest */;
			productType = "com.apple.product-type.bundle.ui-testing";
		};
/* End PBXNativeTarget section */

/* Begin PBXProject section */
		2EEC5C6A2ED97A1C00E4D456 /* Project object */ = {
			isa = PBXProject;
			attributes = {
				BuildIndependentTargetsInParallel = 1;
				LastSwiftUpdateCheck = 2610;
				LastUpgradeCheck = 2610;
				TargetAttributes = {
					2EEC5C712ED97A1C00E4D456 = {
						CreatedOnToolsVersion = 26.1.1;
					};
					2EEC5C872ED97A2000E4D456 = {
						CreatedOnToolsVersion = 26.1.1;
						TestTargetID = 2EEC5C712ED97A1C00E4D456;
					};
					2EEC5C912ED97A2000E4D456 = {
						CreatedOnToolsVersion = 26.1.1;
						TestTargetID = 2EEC5C712ED97A1C00E4D456;
					};
				};
			};
			buildConfigurationList = 2EEC5C6D2ED97A1C00E4D456 /* Build configuration list for PBXProject "SuperheroRandomizerApp" */;
			developmentRegion = en;
			hasScannedForEncodings = 0;
			knownRegions = (
				en,
				Base,
			);
			mainGroup = 2EEC5C692ED97A1C00E4D456;
			minimizedProjectReferenceProxies = 1;
			preferredProjectObjectVersion = 77;
			productRefGroup = 2EEC5C732ED97A1C00E4D456 /* Products */;
			projectDirPath = "";
			projectRoot = "";
			targets = (
				2EEC5C712ED97A1C00E4D456 /* SuperheroRandomizerApp */,
				2EEC5C872ED97A2000E4D456 /* SuperheroRandomizerAppTests */,
				2EEC5C912ED97A2000E4D456 /* SuperheroRandomizerAppUITests */,
			);
		};
/* End PBXProject section */

/* Begin PBXResourcesBuildPhase section */
		2EEC5C702ED97A1C00E4D456 /* Resources */ = {
			isa = PBXResourcesBuildPhase;
			buildActionMask = 2147483647;
			files = (
			);
			runOnlyForDeploymentPostprocessing = 0;
		};
		2EEC5C862ED97A2000E4D456 /* Resources */ = {
			isa = PBXResourcesBuildPhase;
			buildActionMask = 2147483647;
			files = (
			);
			runOnlyForDeploymentPostprocessing = 0;
		};
		2EEC5C902ED97A2000E4D456 /* Resources */ = {
			isa = PBXResourcesBuildPhase;
			buildActionMask = 2147483647;
			files = (
			);
			runOnlyForDeploymentPostprocessing = 0;
		};
/* End PBXResourcesBuildPhase section */

/* Begin PBXSourcesBuildPhase section */
		2EEC5C6E2ED97A1C00E4D456 /* Sources */ = {
			isa = PBXSourcesBuildPhase;
			buildActionMask = 2147483647;
			files = (
			);
			runOnlyForDeploymentPostprocessing = 0;
		};
		2EEC5C842ED97A2000E4D456 /* Sources */ = {
			isa = PBXSourcesBuildPhase;
			buildActionMask = 2147483647;
			files = (
			);
			runOnlyForDeploymentPostprocessing = 0;
		};
		2EEC5C8E2ED97A2000E4D456 /* Sources */ = {
			isa = PBXSourcesBuildPhase;
			buildActionMask = 2147483647;
			files = (
			);
			runOnlyForDeploymentPostprocessing = 0;
		};
/* End PBXSourcesBuildPhase section */

/* Begin PBXTargetDependency section */
		2EEC5C8A2ED97A2000E4D456 /* PBXTargetDependency */ = {
			isa = PBXTargetDependency;
			target = 2EEC5C712ED97A1C00E4D456 /* SuperheroRandomizerApp */;
			targetProxy = 2EEC5C892ED97A2000E4D456 /* PBXContainerItemProxy */;
		};
		2EEC5C942ED97A2000E4D456 /* PBXTargetDependency */ = {
			isa = PBXTargetDependency;
			target = 2EEC5C712ED97A1C00E4D456 /* SuperheroRandomizerApp */;
			targetProxy = 2EEC5C932ED97A2000E4D456 /* PBXContainerItemProxy */;
		};
/* End PBXTargetDependency section */

/* Begin XCBuildConfiguration section */
		2EEC5C9C2ED97A2000E4D456 /* Debug */ = {
			isa = XCBuildConfiguration;
			buildSettings = {
				ASSETCATALOG_COMPILER_APPICON_NAME = AppIcon;
				ASSETCATALOG_COMPILER_GLOBAL_ACCENT_COLOR_NAME = AccentColor;
				CODE_SIGN_STYLE = Automatic;
				CURRENT_PROJECT_VERSION = 1;
				GENERATE_INFOPLIST_FILE = YES;
				INFOPLIST_FILE = SuperheroRandomizerApp/Info.plist;
				INFOPLIST_KEY_UIApplicationSupportsIndirectInputEvents = YES;
				INFOPLIST_KEY_UILaunchStoryboardName = LaunchScreen;
				INFOPLIST_KEY_UIMainStoryboardFile = Main;
				INFOPLIST_KEY_UISupportedInterfaceOrientations_iPad = "UIInterfaceOrientationPortrait UIInterfaceOrientationPortraitUpsideDown UIInterfaceOrientationLandscapeLeft UIInterfaceOrientationLandscapeRight";
				INFOPLIST_KEY_UISupportedInterfaceOrientations_iPhone = "UIInterfaceOrientationPortrait UIInterfaceOrientationLandscapeLeft UIInterfaceOrientationLandscapeRight";
				LD_RUNPATH_SEARCH_PATHS = (
					"$(inherited)",
					"@executable_path/Frameworks",
				);
				MARKETING_VERSION = 1.0;
				PRODUCT_BUNDLE_IDENTIFIER = com.Leila.SuperheroRandomizerApp;
				PRODUCT_NAME = "$(TARGET_NAME)";
				STRING_CATALOG_GENERATE_SYMBOLS = YES;
				SWIFT_APPROACHABLE_CONCURRENCY = YES;
				SWIFT_DEFAULT_ACTOR_ISOLATION = MainActor;
				SWIFT_EMIT_LOC_STRINGS = YES;
				SWIFT_UPCOMING_FEATURE_MEMBER_IMPORT_VISIBILITY = YES;
				SWIFT_VERSION = 5.0;
				TARGETED_DEVICE_FAMILY = "1,2";
			};
			name = Debug;
		};
		2EEC5C9D2ED97A2000E4D456 /* Release */ = {
			isa = XCBuildConfiguration;
			buildSettings = {
				ASSETCATALOG_COMPILER_APPICON_NAME = AppIcon;
				ASSETCATALOG_COMPILER_GLOBAL_ACCENT_COLOR_NAME = AccentColor;
				CODE_SIGN_STYLE = Automatic;
				CURRENT_PROJECT_VERSION = 1;
				GENERATE_INFOPLIST_FILE = YES;
				INFOPLIST_FILE = SuperheroRandomizerApp/Info.plist;
				INFOPLIST_KEY_UIApplicationSupportsIndirectInputEvents = YES;
				INFOPLIST_KEY_UILaunchStoryboardName = LaunchScreen;
				INFOPLIST_KEY_UIMainStoryboardFile = Main;
				INFOPLIST_KEY_UISupportedInterfaceOrientations_iPad = "UIInterfaceOrientationPortrait UIInterfaceOrientationPortraitUpsideDown UIInterfaceOrientationLandscapeLeft UIInterfaceOrientationLandscapeRight";
				INFOPLIST_KEY_UISupportedInterfaceOrientations_iPhone = "UIInterfaceOrientationPortrait UIInterfaceOrientationLandscapeLeft UIInterfaceOrientationLandscapeRight";
				LD_RUNPATH_SEARCH_PATHS = (
					"$(inherited)",
					"@executable_path/Frameworks",
				);
				MARKETING_VERSION = 1.0;
				PRODUCT_BUNDLE_IDENTIFIER = com.Leila.SuperheroRandomizerApp;
				PRODUCT_NAME = "$(TARGET_NAME)";
				STRING_CATALOG_GENERATE_SYMBOLS = YES;
				SWIFT_APPROACHABLE_CONCURRENCY = YES;
				SWIFT_DEFAULT_ACTOR_ISOLATION = MainActor;
				SWIFT_EMIT_LOC_STRINGS = YES;
				SWIFT_UPCOMING_FEATURE_MEMBER_IMPORT_VISIBILITY = YES;
				SWIFT_VERSION = 5.0;
				TARGETED_DEVICE_FAMILY = "1,2";
			};
			name = Release;
		};
		2EEC5C9E2ED97A2000E4D456 /* Debug */ = {
			isa = XCBuildConfiguration;
			buildSettings = {
				ALWAYS_SEARCH_USER_PATHS = NO;
				ASSETCATALOG_COMPILER_GENERATE_SWIFT_ASSET_SYMBOL_EXTENSIONS = YES;
				CLANG_ANALYZER_NONNULL = YES;
				CLANG_ANALYZER_NUMBER_OBJECT_CONVERSION = YES_AGGRESSIVE;
				CLANG_CXX_LANGUAGE_STANDARD = "gnu++20";
				CLANG_ENABLE_MODULES = YES;
				CLANG_ENABLE_OBJC_ARC = YES;
				CLANG_ENABLE_OBJC_WEAK = YES;
				CLANG_WARN_BLOCK_CAPTURE_AUTORELEASING = YES;
				CLANG_WARN_BOOL_CONVERSION = YES;
				CLANG_WARN_COMMA = YES;
				CLANG_WARN_CONSTANT_CONVERSION = YES;
				CLANG_WARN_DEPRECATED_OBJC_IMPLEMENTATIONS = YES;
				CLANG_WARN_DIRECT_OBJC_ISA_USAGE = YES_ERROR;
				CLANG_WARN_DOCUMENTATION_COMMENTS = YES;
				CLANG_WARN_EMPTY_BODY = YES;
				CLANG_WARN_ENUM_CONVERSION = YES;
				CLANG_WARN_INFINITE_RECURSION = YES;
				CLANG_WARN_INT_CONVERSION = YES;
				CLANG_WARN_NON_LITERAL_NULL_CONVERSION = YES;
				CLANG_WARN_OBJC_IMPLICIT_RETAIN_SELF = YES;
				CLANG_WARN_OBJC_LITERAL_CONVERSION = YES;
				CLANG_WARN_OBJC_ROOT_CLASS = YES_ERROR;
				CLANG_WARN_QUOTED_INCLUDE_IN_FRAMEWORK_HEADER = YES;
				CLANG_WARN_RANGE_LOOP_ANALYSIS = YES;
				CLANG_WARN_STRICT_PROTOTYPES = YES;
				CLANG_WARN_SUSPICIOUS_MOVE = YES;
				CLANG_WARN_UNGUARDED_AVAILABILITY = YES_AGGRESSIVE;
				CLANG_WARN_UNREACHABLE_CODE = YES;
				CLANG_WARN__DUPLICATE_METHOD_MATCH = YES;
				COPY_PHASE_STRIP = NO;
				DEBUG_INFORMATION_FORMAT = dwarf;
				ENABLE_STRICT_OBJC_MSGSEND = YES;
				ENABLE_TESTABILITY = YES;
				ENABLE_USER_SCRIPT_SANDBOXING = YES;
				GCC_C_LANGUAGE_STANDARD = gnu17;
				GCC_DYNAMIC_NO_PIC = NO;
				GCC_NO_COMMON_BLOCKS = YES;
				GCC_OPTIMIZATION_LEVEL = 0;
				GCC_PREPROCESSOR_DEFINITIONS = (
					"DEBUG=1",
					"$(inherited)",
				);
				GCC_WARN_64_TO_32_BIT_CONVERSION = YES;
				GCC_WARN_ABOUT_RETURN_TYPE = YES_ERROR;
				GCC_WARN_UNDECLARED_SELECTOR = YES;
				GCC_WARN_UNINITIALIZED_AUTOS = YES_AGGRESSIVE;
				GCC_WARN_UNUSED_FUNCTION = YES;
				GCC_WARN_UNUSED_VARIABLE = YES;
				IPHONEOS_DEPLOYMENT_TARGET = 26.1;
				LOCALIZATION_PREFERS_STRING_CATALOGS = YES;
				MTL_ENABLE_DEBUG_INFO = INCLUDE_SOURCE;
				MTL_FAST_MATH = YES;
				ONLY_ACTIVE_ARCH = YES;
				SDKROOT = iphoneos;
				SWIFT_ACTIVE_COMPILATION_CONDITIONS = "DEBUG $(inherited)";
				SWIFT_OPTIMIZATION_LEVEL = "-Onone";
			};
			name = Debug;
		};
		2EEC5C9F2ED97A2000E4D456 /* Release */ = {
			isa = XCBuildConfiguration;
			buildSettings = {
				ALWAYS_SEARCH_USER_PATHS = NO;
				ASSETCATALOG_COMPILER_GENERATE_SWIFT_ASSET_SYMBOL_EXTENSIONS = YES;
				CLANG_ANALYZER_NONNULL = YES;
				CLANG_ANALYZER_NUMBER_OBJECT_CONVERSION = YES_AGGRESSIVE;
				CLANG_CXX_LANGUAGE_STANDARD = "gnu++20";
				CLANG_ENABLE_MODULES = YES;
				CLANG_ENABLE_OBJC_ARC = YES;
				CLANG_ENABLE_OBJC_WEAK = YES;
				CLANG_WARN_BLOCK_CAPTURE_AUTORELEASING = YES;
				CLANG_WARN_BOOL_CONVERSION = YES;
				CLANG_WARN_COMMA = YES;
				CLANG_WARN_CONSTANT_CONVERSION = YES;
				CLANG_WARN_DEPRECATED_OBJC_IMPLEMENTATIONS = YES;
				CLANG_WARN_DIRECT_OBJC_ISA_USAGE = YES_ERROR;
				CLANG_WARN_DOCUMENTATION_COMMENTS = YES;
				CLANG_WARN_EMPTY_BODY = YES;
				CLANG_WARN_ENUM_CONVERSION = YES;
				CLANG_WARN_INFINITE_RECURSION = YES;
				CLANG_WARN_INT_CONVERSION = YES;
				CLANG_WARN_NON_LITERAL_NULL_CONVERSION = YES;
				CLANG_WARN_OBJC_IMPLICIT_RETAIN_SELF = YES;
				CLANG_WARN_OBJC_LITERAL_CONVERSION = YES;
				CLANG_WARN_OBJC_ROOT_CLASS = YES_ERROR;
				CLANG_WARN_QUOTED_INCLUDE_IN_FRAMEWORK_HEADER = YES;
				CLANG_WARN_RANGE_LOOP_ANALYSIS = YES;
				CLANG_WARN_STRICT_PROTOTYPES = YES;
				CLANG_WARN_SUSPICIOUS_MOVE = YES;
				CLANG_WARN_UNGUARDED_AVAILABILITY = YES_AGGRESSIVE;
				CLANG_WARN_UNREACHABLE_CODE = YES;
				CLANG_WARN__DUPLICATE_METHOD_MATCH = YES;
				COPY_PHASE_STRIP = NO;
				DEBUG_INFORMATION_FORMAT = "dwarf-with-dsym";
				ENABLE_NS_ASSERTIONS = NO;
				ENABLE_STRICT_OBJC_MSGSEND = YES;
				ENABLE_USER_SCRIPT_SANDBOXING = YES;
				GCC_C_LANGUAGE_STANDARD = gnu17;
				GCC_NO_COMMON_BLOCKS = YES;
				GCC_WARN_64_TO_32_BIT_CONVERSION = YES;
				GCC_WARN_ABOUT_RETURN_TYPE = YES_ERROR;
				GCC_WARN_UNDECLARED_SELECTOR = YES;
				GCC_WARN_UNINITIALIZED_AUTOS = YES_AGGRESSIVE;
				GCC_WARN_UNUSED_FUNCTION = YES;
				GCC_WARN_UNUSED_VARIABLE = YES;
				IPHONEOS_DEPLOYMENT_TARGET = 26.1;
				LOCALIZATION_PREFERS_STRING_CATALOGS = YES;
				MTL_ENABLE_DEBUG_INFO = NO;
				MTL_FAST_MATH = YES;
				SDKROOT = iphoneos;
				SWIFT_COMPILATION_MODE = wholemodule;
				VALIDATE_PRODUCT = YES;
			};
			name = Release;
		};
		2EEC5CA12ED97A2000E4D456 /* Debug */ = {
			isa = XCBuildConfiguration;
			buildSettings = {
				BUNDLE_LOADER = "$(TEST_HOST)";
				CODE_SIGN_STYLE = Automatic;
				CURRENT_PROJECT_VERSION = 1;
				GENERATE_INFOPLIST_FILE = YES;
				IPHONEOS_DEPLOYMENT_TARGET = 26.1;
				MARKETING_VERSION = 1.0;
				PRODUCT_BUNDLE_IDENTIFIER = com.Leila.SuperheroRandomizerAppTests;
				PRODUCT_NAME = "$(TARGET_NAME)";
				STRING_CATALOG_GENERATE_SYMBOLS = NO;
				SWIFT_APPROACHABLE_CONCURRENCY = YES;
				SWIFT_EMIT_LOC_STRINGS = NO;
				SWIFT_UPCOMING_FEATURE_MEMBER_IMPORT_VISIBILITY = YES;
				SWIFT_VERSION = 5.0;
				TARGETED_DEVICE_FAMILY = "1,2";
				TEST_HOST = "$(BUILT_PRODUCTS_DIR)/SuperheroRandomizerApp.app/$(BUNDLE_EXECUTABLE_FOLDER_PATH)/SuperheroRandomizerApp";
			};
			name = Debug;
		};
		2EEC5CA22ED97A2000E4D456 /* Release */ = {
			isa = XCBuildConfiguration;
			buildSettings = {
				BUNDLE_LOADER = "$(TEST_HOST)";
				CODE_SIGN_STYLE = Automatic;
				CURRENT_PROJECT_VERSION = 1;
				GENERATE_INFOPLIST_FILE = YES;
				IPHONEOS_DEPLOYMENT_TARGET = 26.1;
				MARKETING_VERSION = 1.0;
				PRODUCT_BUNDLE_IDENTIFIER = com.Leila.SuperheroRandomizerAppTests;
				PRODUCT_NAME = "$(TARGET_NAME)";
				STRING_CATALOG_GENERATE_SYMBOLS = NO;
				SWIFT_APPROACHABLE_CONCURRENCY = YES;
				SWIFT_EMIT_LOC_STRINGS = NO;
				SWIFT_UPCOMING_FEATURE_MEMBER_IMPORT_VISIBILITY = YES;
				SWIFT_VERSION = 5.0;
				TARGETED_DEVICE_FAMILY = "1,2";
				TEST_HOST = "$(BUILT_PRODUCTS_DIR)/SuperheroRandomizerApp.app/$(BUNDLE_EXECUTABLE_FOLDER_PATH)/SuperheroRandomizerApp";
			};
			name = Release;
		};
		2EEC5CA42ED97A2000E4D456 /* Debug */ = {
			isa = XCBuildConfiguration;
			buildSettings = {
				CODE_SIGN_STYLE = Automatic;
				CURRENT_PROJECT_VERSION = 1;
				GENERATE_INFOPLIST_FILE = YES;
				MARKETING_VERSION = 1.0;
				PRODUCT_BUNDLE_IDENTIFIER = com.Leila.SuperheroRandomizerAppUITests;
				PRODUCT_NAME = "$(TARGET_NAME)";
				STRING_CATALOG_GENERATE_SYMBOLS = NO;
				SWIFT_APPROACHABLE_CONCURRENCY = YES;
				SWIFT_EMIT_LOC_STRINGS = NO;
				SWIFT_UPCOMING_FEATURE_MEMBER_IMPORT_VISIBILITY = YES;
				SWIFT_VERSION = 5.0;
				TARGETED_DEVICE_FAMILY = "1,2";
				TEST_TARGET_NAME = SuperheroRandomizerApp;
			};
			name = Debug;
		};
		2EEC5CA52ED97A2000E4D456 /* Release */ = {
			isa = XCBuildConfiguration;
			buildSettings = {
				CODE_SIGN_STYLE = Automatic;
				CURRENT_PROJECT_VERSION = 1;
				GENERATE_INFOPLIST_FILE = YES;
				MARKETING_VERSION = 1.0;
				PRODUCT_BUNDLE_IDENTIFIER = com.Leila.SuperheroRandomizerAppUITests;
				PRODUCT_NAME = "$(TARGET_NAME)";
				STRING_CATALOG_GENERATE_SYMBOLS = NO;
				SWIFT_APPROACHABLE_CONCURRENCY = YES;
				SWIFT_EMIT_LOC_STRINGS = NO;
				SWIFT_UPCOMING_FEATURE_MEMBER_IMPORT_VISIBILITY = YES;
				SWIFT_VERSION = 5.0;
				TARGETED_DEVICE_FAMILY = "1,2";
				TEST_TARGET_NAME = SuperheroRandomizerApp;
			};
			name = Release;
		};
/* End XCBuildConfiguration section */

/* Begin XCConfigurationList section */
		2EEC5C6D2ED97A1C00E4D456 /* Build configuration list for PBXProject "SuperheroRandomizerApp" */ = {
			isa = XCConfigurationList;
			buildConfigurations = (
				2EEC5C9E2ED97A2000E4D456 /* Debug */,
				2EEC5C9F2ED97A2000E4D456 /* Release */,
			);
			defaultConfigurationIsVisible = 0;
			defaultConfigurationName = Release;
		};
		2EEC5C9B2ED97A2000E4D456 /* Build configuration list for PBXNativeTarget "SuperheroRandomizerApp" */ = {
			isa = XCConfigurationList;
			buildConfigurations = (
				2EEC5C9C2ED97A2000E4D456 /* Debug */,
				2EEC5C9D2ED97A2000E4D456 /* Release */,
			);
			defaultConfigurationIsVisible = 0;
			defaultConfigurationName = Release;
		};
		2EEC5CA02ED97A2000E4D456 /* Build configuration list for PBXNativeTarget "SuperheroRandomizerAppTests" */ = {
			isa = XCConfigurationList;
			buildConfigurations = (
				2EEC5CA12ED97A2000E4D456 /* Debug */,
				2EEC5CA22ED97A2000E4D456 /* Release */,
			);
			defaultConfigurationIsVisible = 0;
			defaultConfigurationName = Release;
		};
		2EEC5CA32ED97A2000E4D456 /* Build configuration list for PBXNativeTarget "SuperheroRandomizerAppUITests" */ = {
			isa = XCConfigurationList;
			buildConfigurations = (
				2EEC5CA42ED97A2000E4D456 /* Debug */,
				2EEC5CA52ED97A2000E4D456 /* Release */,
			);
			defaultConfigurationIsVisible = 0;
			defaultConfigurationName = Release;
		};
/* End XCConfigurationList section */
	};
	rootObject = 2EEC5C6A2ED97A1C00E4D456 /* Project object */;
}
